
Microsoft Visual Studio Solution File, Format Version 12.00
# Visual Studio Version 16
VisualStudioVersion = 16.0.31729.503
MinimumVisualStudioVersion = 10.0.40219.1
Project("{8BC9CEB8-8B4A-11D0-8D11-00A0C91BC942}") = "Project4-1", "Project4-1\Project4-1.vcxproj", "{20E957C0-2855-45F3-9F5F-9FDF076AF36A}"
EndProject
Global
	GlobalSection(SolutionConfigurationPlatforms) = preSolution
		Debug|x64 = Debug|x64
		Debug|x86 = Debug|x86
		Release|x64 = Release|x64
		Release|x86 = Release|x86
	EndGlobalSection
	GlobalSection(ProjectConfigurationPlatforms) = postSolution
		{20E957C0-2855-45F3-9F5F-9FDF076AF36A}.Debug|x64.ActiveCfg = Debug|x64
		{20E957C0-2855-45F3-9F5F-9FDF076AF36A}.Debug|x64.Build.0 = Debug|x64
		{20E957C0-2855-45F3-9F5F-9FDF076AF36A}.Debug|x86.ActiveCfg = Debug|Win32
		{20E957C0-2855-45F3-9F5F-9FDF076AF36A}.Debug|x86.Build.0 = Debug|Win32
		{20E957C0-2855-45F3-9F5F-9FDF076AF36A}.Release|x64.ActiveCfg = Release|x64
		{20E957C0-2855-45F3-9F5F-9FDF076AF36A}.Release|x64.Build.0 = Release|x64
		{20E957C0-2855-45F3-9F5F-9FDF076AF36A}.Release|x86.ActiveCfg = Release|Win32
		{20E957C0-2855-45F3-9F5F-9FDF076AF36A}.Release|x86.Build.0 = Release|Win32
	EndGlobalSection
	GlobalSection(SolutionProperties) = preSolution
		HideSolutionNode = FALSE
	EndGlobalSection
	GlobalSection(ExtensibilityGlobals) = postSolution
		SolutionGuid = {8AD82F68-1848-46E9-9CE2-AC5E7F77F4C5}
	EndGlobalSection
EndGlobal
